
Microsoft Visual Studio Solution File, Format Version 12.00
# Visual Studio 15
VisualStudioVersion = 15.0.27428.2037
MinimumVisualStudioVersion = 10.0.40219.1
Project("{FAE04EC0-301F-11D3-BF4B-00C04F79EFBC}") = "XamrinStyle.Android", "XamrinStyle\XamrinStyle.Android\XamrinStyle.Android.csproj", "{A6987DC4-5302-4E37-9330-FFD87D9E0158}"
EndProject
Project("{FAE04EC0-301F-11D3-BF4B-00C04F79EFBC}") = "XamrinStyle", "XamrinStyle\XamrinStyle\XamrinStyle.csproj", "{599B7CC7-4970-4DE4-948C-40C4EEE8553D}"
EndProject
Global
	GlobalSection(SolutionConfigurationPlatforms) = preSolution
		Debug|Any CPU = Debug|Any CPU
		Release|Any CPU = Release|Any CPU
	EndGlobalSection
	GlobalSection(ProjectConfigurationPlatforms) = postSolution
		{A6987DC4-5302-4E37-9330-FFD87D9E0158}.Debug|Any CPU.ActiveCfg = Debug|Any CPU
		{A6987DC4-5302-4E37-9330-FFD87D9E0158}.Debug|Any CPU.Build.0 = Debug|Any CPU
		{A6987DC4-5302-4E37-9330-FFD87D9E0158}.Debug|Any CPU.Deploy.0 = Debug|Any CPU
		{A6987DC4-5302-4E37-9330-FFD87D9E0158}.Release|Any CPU.ActiveCfg = Release|Any CPU
		{A6987DC4-5302-4E37-9330-FFD87D9E0158}.Release|Any CPU.Build.0 = Release|Any CPU
		{A6987DC4-5302-4E37-9330-FFD87D9E0158}.Release|Any CPU.Deploy.0 = Release|Any CPU
		{599B7CC7-4970-4DE4-948C-40C4EEE8553D}.Debug|Any CPU.ActiveCfg = Debug|Any CPU
		{599B7CC7-4970-4DE4-948C-40C4EEE8553D}.Debug|Any CPU.Build.0 = Debug|Any CPU
		{599B7CC7-4970-4DE4-948C-40C4EEE8553D}.Release|Any CPU.ActiveCfg = Release|Any CPU
		{599B7CC7-4970-4DE4-948C-40C4EEE8553D}.Release|Any CPU.Build.0 = Release|Any CPU
	EndGlobalSection
	GlobalSection(SolutionProperties) = preSolution
		HideSolutionNode = FALSE
	EndGlobalSection
	GlobalSection(ExtensibilityGlobals) = postSolution
		SolutionGuid = {8E104A52-E284-4EC2-967E-C39C62D23AC5}
	EndGlobalSection
EndGlobal
